
Microsoft Visual Studio Solution File, Format Version 12.00
# Visual Studio 15
VisualStudioVersion = 15.0.27703.2035
MinimumVisualStudioVersion = 10.0.40219.1
Project("{FAE04EC0-301F-11D3-BF4B-00C04F79EFBC}") = "DB", "DB\DB.csproj", "{8E1E345F-2CBF-49BC-A14A-A9CE4C7C7643}"
EndProject
Project("{FAE04EC0-301F-11D3-BF4B-00C04F79EFBC}") = "Common", "Common\Common.csproj", "{9EA08F76-664E-4348-9184-7ED6452594A0}"
EndProject
Project("{FAE04EC0-301F-11D3-BF4B-00C04F79EFBC}") = "CRM_DAL", "CRM_DAL\CRM_DAL.csproj", "{29F0F10A-53FF-4925-A7BF-B71AC2B56A05}"
EndProject
Project("{FAE04EC0-301F-11D3-BF4B-00C04F79EFBC}") = "Server", "Server\Server.csproj", "{EC8A71E5-7C26-43E2-9C0C-E713A4038934}"
EndProject
Global
	GlobalSection(SolutionConfigurationPlatforms) = preSolution
		Debug|Any CPU = Debug|Any CPU
		Release|Any CPU = Release|Any CPU
	EndGlobalSection
	GlobalSection(ProjectConfigurationPlatforms) = postSolution
		{8E1E345F-2CBF-49BC-A14A-A9CE4C7C7643}.Debug|Any CPU.ActiveCfg = Debug|Any CPU
		{8E1E345F-2CBF-49BC-A14A-A9CE4C7C7643}.Debug|Any CPU.Build.0 = Debug|Any CPU
		{8E1E345F-2CBF-49BC-A14A-A9CE4C7C7643}.Release|Any CPU.ActiveCfg = Release|Any CPU
		{8E1E345F-2CBF-49BC-A14A-A9CE4C7C7643}.Release|Any CPU.Build.0 = Release|Any CPU
		{9EA08F76-664E-4348-9184-7ED6452594A0}.Debug|Any CPU.ActiveCfg = Debug|Any CPU
		{9EA08F76-664E-4348-9184-7ED6452594A0}.Debug|Any CPU.Build.0 = Debug|Any CPU
		{9EA08F76-664E-4348-9184-7ED6452594A0}.Release|Any CPU.ActiveCfg = Release|Any CPU
		{9EA08F76-664E-4348-9184-7ED6452594A0}.Release|Any CPU.Build.0 = Release|Any CPU
		{29F0F10A-53FF-4925-A7BF-B71AC2B56A05}.Debug|Any CPU.ActiveCfg = Debug|Any CPU
		{29F0F10A-53FF-4925-A7BF-B71AC2B56A05}.Debug|Any CPU.Build.0 = Debug|Any CPU
		{29F0F10A-53FF-4925-A7BF-B71AC2B56A05}.Release|Any CPU.ActiveCfg = Release|Any CPU
		{29F0F10A-53FF-4925-A7BF-B71AC2B56A05}.Release|Any CPU.Build.0 = Release|Any CPU
		{EC8A71E5-7C26-43E2-9C0C-E713A4038934}.Debug|Any CPU.ActiveCfg = Debug|Any CPU
		{EC8A71E5-7C26-43E2-9C0C-E713A4038934}.Debug|Any CPU.Build.0 = Debug|Any CPU
		{EC8A71E5-7C26-43E2-9C0C-E713A4038934}.Release|Any CPU.ActiveCfg = Release|Any CPU
		{EC8A71E5-7C26-43E2-9C0C-E713A4038934}.Release|Any CPU.Build.0 = Release|Any CPU
	EndGlobalSection
	GlobalSection(SolutionProperties) = preSolution
		HideSolutionNode = FALSE
	EndGlobalSection
	GlobalSection(ExtensibilityGlobals) = postSolution
		SolutionGuid = {BD2AB2A1-AAF7-465E-9B57-7C4E62FAAD30}
	EndGlobalSection
EndGlobal
